PODS:
  - arkit_plugin (0.0.1):
    - Flutter
    - GLTFSceneKit
  - Flutter (1.0.0)
  - flutter_isolate (0.0.1):
    - Flutter
  - GLTFSceneKit (0.3.0)
  - path_provider_foundation (0.0.1):
    - Flutter
    - FlutterMacOS
  - permission_handler_apple (9.1.1):
    - Flutter
  - share_plus (0.0.1):
    - Flutter
  - url_launcher_ios (0.0.1):
    - Flutter
  - webview_flutter_wkwebview (0.0.1):
    - Flutter
    - FlutterMacOS

DEPENDENCIES:
  - arkit_plugin (from `.symlinks/plugins/arkit_plugin/ios`)
  - Flutter (from `Flutter`)
  - flutter_isolate (from `.symlinks/plugins/flutter_isolate/ios`)
  - path_provider_foundation (from `.symlinks/plugins/path_provider_foundation/darwin`)
  - permission_handler_apple (from `.symlinks/plugins/permission_handler_apple/ios`)
  - share_plus (from `.symlinks/plugins/share_plus/ios`)
  - url_launcher_ios (from `.symlinks/plugins/url_launcher_ios/ios`)
  - webview_flutter_wkwebview (from `.symlinks/plugins/webview_flutter_wkwebview/darwin`)

SPEC REPOS:
  trunk:
    - GLTFSceneKit

EXTERNAL SOURCES:
  arkit_plugin:
    :path: ".symlinks/plugins/arkit_plugin/ios"
  Flutter:
    :path: Flutter
  flutter_isolate:
    :path: ".symlinks/plugins/flutter_isolate/ios"
  path_provider_foundation:
    :path: ".symlinks/plugins/path_provider_foundation/darwin"
  permission_handler_apple:
    :path: ".symlinks/plugins/permission_handler_apple/ios"
  share_plus:
    :path: ".symlinks/plugins/share_plus/ios"
  url_launcher_ios:
    :path: ".symlinks/plugins/url_launcher_ios/ios"
  webview_flutter_wkwebview:
    :path: ".symlinks/plugins/webview_flutter_wkwebview/darwin"

SPEC CHECKSUMS:
  arkit_plugin: 2c387e26e137de4bd1fc16ec2fabd05c84c5a817
  Flutter: e0871f40cf51350855a761d2e70bf5af5b9b5de7
  flutter_isolate: ca1a284bbb8dcfeb26c4764794e0206f58ffa984
  GLTFSceneKit: d1b437c514ba2aed5555afb0fddd64e030612d57
  path_provider_foundation: 080d55be775b7414fd5a5ef3ac137b97b097e564
  permission_handler_apple: 3787117e48f80715ff04a3830ca039283d6a4f29
  share_plus: de6030e33b4e106470e09322d87cf2a4258d2d1d
  url_launcher_ios: 694010445543906933d732453a59da0a173ae33d
  webview_flutter_wkwebview: 1821ceac936eba6f7984d89a9f3bcb4dea99ebb2

PODFILE CHECKSUM: b4448cdb88bbcbdb2486b5227ef9237a29d3dcb6

COCOAPODS: 1.16.2
